{
  "name": "@ioa/nats",
  "version": "9.7.2",
  "lockfileVersion": 1,
  "requires": true,
  "dependencies": {
    "@ioa/config": {
      "version": "9.5.0",
      "resolved": "https://registry.npmjs.org/@ioa/config/-/config-9.5.0.tgz",
      "integrity": "sha512-g2ThSrAXFhvU/zXovHdGXkgubLt8gNYRQdtNPqfEFi0RgLN9TZ+bl9cRaVXmuJ8JjAm0MKL4toMMWJOTnv9SJQ==",
      "dev": true,
      "requires": {
        "ttools": "^3.1.0"
      }
    },
    "consoln": {
      "version": "1.0.3",
      "resolved": "https://registry.npmjs.org/consoln/-/consoln-1.0.3.tgz",
      "integrity": "sha512-Q5QPLXxfkt+cSRfjJR4TJ6BSX5lK0AP4lmlsE8xl0ZSeKPO8h1mHaSpD2ysQKuA1TSOGjw4C+4aRbPMPhY8NfA==",
      "dev": true
    },
    "fs-extra": {
      "version": "8.1.0",
      "resolved": "https://registry.npmjs.org/fs-extra/-/fs-extra-8.1.0.tgz",
      "integrity": "sha512-yhlQgA6mnOJUKOsRUFsgJdQCvkKhcz8tlZG5HBQfReYZy46OwLcY+Zia0mtdHsOo9y/hP+CxMN0TU9QxoOtG4g==",
      "dev": true,
      "requires": {
        "graceful-fs": "^4.2.0",
        "jsonfile": "^4.0.0",
        "universalify": "^0.1.0"
      }
    },
    "graceful-fs": {
      "version": "4.2.3",
      "resolved": "https://registry.npmjs.org/graceful-fs/-/graceful-fs-4.2.3.tgz",
      "integrity": "sha512-a30VEBm4PEdx1dRB7MFK7BejejvCvBronbLjht+sHuGYj8PHs7M/5Z+rt5lw551vZ7yfTCj4Vuyy3mSJytDWRQ==",
      "dev": true
    },
    "ioa": {
      "version": "9.7.1",
      "resolved": "https://registry.npmjs.org/ioa/-/ioa-9.7.1.tgz",
      "integrity": "sha512-/QqtVtjUd6W4g4Na08tFbdxAgGC3kAA/9zG90G57VtzYZDRlIUmsoE3MVws/y5K9wzI0Fm9wZZwE8bXD4Mkn7A==",
      "dev": true,
      "requires": {
        "consoln": "^1.0.2",
        "lloader": "^4.3.1"
      }
    },
    "ioa-router": {
      "version": "9.7.3",
      "resolved": "https://registry.npmjs.org/ioa-router/-/ioa-router-9.7.3.tgz",
      "integrity": "sha512-gF1OYUyO2bGUSD2Fk/Joi9+clrnafDnFgaBIKhyTwuQlkZYnhXnP0PgycyWR5O3rVu/df3BIgFIF3yw4LA5/gA=="
    },
    "jsonfile": {
      "version": "4.0.0",
      "resolved": "https://registry.npmjs.org/jsonfile/-/jsonfile-4.0.0.tgz",
      "integrity": "sha1-h3Gq4HmbZAdrdmQPygWPnBDjPss=",
      "dev": true,
      "requires": {
        "graceful-fs": "^4.1.6"
      }
    },
    "lloader": {
      "version": "4.3.1",
      "resolved": "https://registry.npmjs.org/lloader/-/lloader-4.3.1.tgz",
      "integrity": "sha512-bdz06RhPH/NLBdA4zrIXanlwBxxqU5OQqFBG1ocvrpRkHFRHH20ewplBXA4cPy+NuOYuQVHYA6DJNW7EA2bsxQ==",
      "dev": true,
      "requires": {
        "fs-extra": "^8.1.0",
        "ttools": "^3.1.0"
      }
    },
    "nats": {
      "version": "1.3.2",
      "resolved": "https://registry.npmjs.org/nats/-/nats-1.3.2.tgz",
      "integrity": "sha512-4BVDo3aT+x+ac/RgW1GXBLkjS7iXYrmQymFgQ33/bYn8VuU65M8gd7yxra+7Dr5J3RRN6+Bt0KhoG9ugzmL0rQ==",
      "requires": {
        "nuid": "^1.0.0",
        "ts-nkeys": "^1.0.8"
      }
    },
    "nuid": {
      "version": "1.1.0",
      "resolved": "https://registry.npmjs.org/nuid/-/nuid-1.1.0.tgz",
      "integrity": "sha512-C/JdZ6PtCqKsCEs4ni76nhBsdmuQgLAT/CTLNprkcLViDAnkk7qx5sSA8PVC2vmSsdBlSsFuGb52v6pwn1oaeg=="
    },
    "ts-nkeys": {
      "version": "1.0.14",
      "resolved": "https://registry.npmjs.org/ts-nkeys/-/ts-nkeys-1.0.14.tgz",
      "integrity": "sha512-WIPykDjpnOvVn5zDNv1uu6o1+Uj+CXaQOM4Od6k2SRiUF4rmhjk7nAHC0mGrWjj0GxeQnwKQv++65qtm1O6kiA==",
      "requires": {
        "tweetnacl": "^1.0.1"
      }
    },
    "ttools": {
      "version": "3.1.0",
      "resolved": "https://registry.npmjs.org/ttools/-/ttools-3.1.0.tgz",
      "integrity": "sha512-JpjeN8giSyGMjOXhCiz6gzey40cZBtbcpMhjQpcKQRHujJieSLuQbM3IbMkYRkmDMa9VWOGMBgFw0/LeWk6zYQ==",
      "dev": true
    },
    "tweetnacl": {
      "version": "1.0.1",
      "resolved": "https://registry.npmjs.org/tweetnacl/-/tweetnacl-1.0.1.tgz",
      "integrity": "sha512-kcoMoKTPYnoeS50tzoqjPY3Uv9axeuuFAZY9M/9zFnhoVvRfxz9K29IMPD7jGmt2c8SW7i3gT9WqDl2+nV7p4A=="
    },
    "universalify": {
      "version": "0.1.2",
      "resolved": "https://registry.npmjs.org/universalify/-/universalify-0.1.2.tgz",
      "integrity": "sha512-rBJeI5CXAlmy1pV+617WB9J63U6XcazHHF2f2dbJix4XzpUF0RS3Zbj0FGIOCAva5P/d/GBOYaACQ1w+0azUkg==",
      "dev": true
    },
    "zpromise": {
      "version": "1.5.3",
      "resolved": "https://registry.npmjs.org/zpromise/-/zpromise-1.5.3.tgz",
      "integrity": "sha512-3y+/Bxn8zmW9gu5zMR7nwHCZ2LcqoaBgz3rBf4nnQteaxke6HojeQLCiwPhh36t6P2g8+hUobiVzZCNZRBWfdA==",
      "dev": true
    }
  }
}
