{
  "name": "@ioa/nats",
  "version": "9.7.5",
  "lockfileVersion": 1,
  "requires": true,
  "dependencies": {
    "@ioa/config": {
      "version": "9.5.0",
      "resolved": "https://registry.npmjs.org/@ioa/config/-/config-9.5.0.tgz",
      "integrity": "sha512-g2ThSrAXFhvU/zXovHdGXkgubLt8gNYRQdtNPqfEFi0RgLN9TZ+bl9cRaVXmuJ8JjAm0MKL4toMMWJOTnv9SJQ==",
      "dev": true,
      "requires": {
        "ttools": "^3.1.0"
      }
    },
    "consoln": {
      "version": "1.0.3",
      "resolved": "https://registry.npmjs.org/consoln/-/consoln-1.0.3.tgz",
      "integrity": "sha512-Q5QPLXxfkt+cSRfjJR4TJ6BSX5lK0AP4lmlsE8xl0ZSeKPO8h1mHaSpD2ysQKuA1TSOGjw4C+4aRbPMPhY8NfA==",
      "dev": true
    },
    "ioa": {
      "version": "9.8.6",
      "resolved": "https://registry.npmjs.org/ioa/-/ioa-9.8.6.tgz",
      "integrity": "sha512-VU3NodNH6FdpbzDPpxkCQFCJ98KrPh/miZhxuBoV4C/djR6idZiHh7v3HY5CK4C08cpz7tCud2+98mJ+bORj8w==",
      "dev": true,
      "requires": {
        "consoln": "^1.0.2",
        "lloader": "^4.4.3"
      }
    },
    "ioa-router": {
      "version": "9.7.7",
      "resolved": "https://registry.npmjs.org/ioa-router/-/ioa-router-9.7.7.tgz",
      "integrity": "sha512-sgAasiBwMMyBjhUmH08ATQH7sWB3ObBfq8HBZCRgRAu1qWuISJkFM2VqVCElVRmz4lRZgF2ZjdQRG09E/9x6MA=="
    },
    "lloader": {
      "version": "4.4.3",
      "resolved": "https://registry.npmjs.org/lloader/-/lloader-4.4.3.tgz",
      "integrity": "sha512-OihvB0wyNFdkcsgDvBQJ8XpgPq3ydDryn/i3o8k2ndXi2vRdkDmIeLpFc77YYUz2LdpI21nWeQudMy0uHtUXtA==",
      "dev": true
    },
    "nats": {
      "version": "1.4.9",
      "resolved": "https://registry.npmjs.org/nats/-/nats-1.4.9.tgz",
      "integrity": "sha512-D0qTg2v0jir32TCJfGkxRwOba4/9vqJJmr4GtghR/J9AF6E0y1BdCeXxnD2G+hruSPnKUbF0NzaQVPbSg5fdOg==",
      "requires": {
        "nuid": "^1.1.4",
        "ts-nkeys": "^1.0.16"
      }
    },
    "nuid": {
      "version": "1.1.4",
      "resolved": "https://registry.npmjs.org/nuid/-/nuid-1.1.4.tgz",
      "integrity": "sha512-PXiYyHhGfrq8H4g5HyC8enO1lz6SBe5z6x1yx/JG4tmADzDGJVQy3l1sRf3VtEvPsN8dGn9hRFRwDKWL62x0BA=="
    },
    "ts-nkeys": {
      "version": "1.0.16",
      "resolved": "https://registry.npmjs.org/ts-nkeys/-/ts-nkeys-1.0.16.tgz",
      "integrity": "sha512-1qrhAlavbm36wtW+7NtKOgxpzl+70NTF8xlz9mEhiA5zHMlMxjj3sEVKWm3pGZhHXE0Q3ykjrj+OSRVaYw+Dqg==",
      "requires": {
        "tweetnacl": "^1.0.3"
      }
    },
    "ttools": {
      "version": "3.1.0",
      "resolved": "https://registry.npmjs.org/ttools/-/ttools-3.1.0.tgz",
      "integrity": "sha512-JpjeN8giSyGMjOXhCiz6gzey40cZBtbcpMhjQpcKQRHujJieSLuQbM3IbMkYRkmDMa9VWOGMBgFw0/LeWk6zYQ==",
      "dev": true
    },
    "tweetnacl": {
      "version": "1.0.3",
      "resolved": "https://registry.npmjs.org/tweetnacl/-/tweetnacl-1.0.3.tgz",
      "integrity": "sha512-6rt+RN7aOi1nGMyC4Xa5DdYiukl2UWCbcJft7YhxReBGQD7OAM8Pbxw6YMo4r2diNEA8FEmu32YOn9rhaiE5yw=="
    },
    "zpromise": {
      "version": "1.5.4",
      "resolved": "https://registry.npmjs.org/zpromise/-/zpromise-1.5.4.tgz",
      "integrity": "sha512-sPN7dy+5uwJL3Xmuqs1Ii4hp3/8LsoNzSGnqean/xIVC7YLmx6EVHEF2IvjjpKYlloc92QL3fiMbsAZFk7fnQg==",
      "dev": true
    }
  }
}
