{
  "name": "@ioa/nats",
  "version": "11.0.0",
  "lockfileVersion": 2,
  "requires": true,
  "packages": {
    "": {
      "name": "@ioa/nats",
      "version": "11.0.0",
      "license": "ISC",
      "dependencies": {
        "ioa-router": "^11.0.6",
        "nats": "^2.0.6"
      },
      "devDependencies": {
        "@ioa/config": "^11.0.3",
        "ioa": "^11.0.6"
      },
      "engines": {
        "node": ">= 16.0.0"
      }
    },
    "node_modules/@ioa/config": {
      "version": "11.0.3",
      "resolved": "https://registry.npmjs.org/@ioa/config/-/config-11.0.3.tgz",
      "integrity": "sha512-ghLvR20QvQc6YxIRYXQpFhYc5E4Le/rFN9A4sSr/+rV0wkhP/zGgOMEub+Jbn2txg9wnYe6mtOohR+lgrN77AA==",
      "dev": true
    },
    "node_modules/@types/node": {
      "version": "14.17.2",
      "resolved": "https://registry.npmjs.org/@types/node/-/node-14.17.2.tgz",
      "integrity": "sha512-sld7b/xmFum66AAKuz/rp/CUO8+98fMpyQ3SBfzzBNGMd/1iHBTAg9oyAvcYlAj46bpc74r91jSw2iFdnx29nw=="
    },
    "node_modules/consoln": {
      "version": "2.0.2",
      "resolved": "https://registry.npmjs.org/consoln/-/consoln-2.0.2.tgz",
      "integrity": "sha512-meLuutpxnQ1QdVMV8e7bO2FCG1QqKFCYPRKiOcSa56K6//HpN9DtcZxyOYE+xInYNVKBck5VzWXWEHMOB7OVqA==",
      "dev": true
    },
    "node_modules/ioa": {
      "version": "11.0.6",
      "resolved": "https://registry.npmjs.org/ioa/-/ioa-11.0.6.tgz",
      "integrity": "sha512-G6aMNL4DtiV2QJlNQDv1cUQ2cdFV1dsdYf8Te9pHSbL7tTnZ+wv3eqoqEXZVqve4zR9OUuKftjvUan2j/6+iiA==",
      "dev": true,
      "dependencies": {
        "consoln": "^2.0.2"
      },
      "engines": {
        "node": ">= 15.0.0"
      }
    },
    "node_modules/ioa-router": {
      "version": "11.0.6",
      "resolved": "https://registry.npmjs.org/ioa-router/-/ioa-router-11.0.6.tgz",
      "integrity": "sha512-lPIrbY4en8u4LpVsbIbFDrIerMwRdiqbMhO65wW4UFuGCmEwf7wy1yBLk+ERjIriLlsMKuhgQWK2qzfNs1pHGw=="
    },
    "node_modules/nats": {
      "version": "2.0.6",
      "resolved": "https://registry.npmjs.org/nats/-/nats-2.0.6.tgz",
      "integrity": "sha512-Tpv50RuMVvYDNnBuoIxqtWB4nRVELR4cB+/RqXIIZ/mdrdx1mV+iL7Ibor7gPq6KJrP2B4jZzQSqOTyBV+UlpQ==",
      "license": "Apache-2.0",
      "dependencies": {
        "nkeys.js": "^1.0.0-9"
      },
      "engines": {
        "node": ">= 10.0.0"
      }
    },
    "node_modules/nkeys.js": {
      "version": "1.0.0-9",
      "resolved": "https://registry.npmjs.org/nkeys.js/-/nkeys.js-1.0.0-9.tgz",
      "integrity": "sha512-m9O0NQT+3rUe1om6MWpxV77EuHql/LdorDH+FYQkoeARcM2V0sQ89kM36fArWaHWq/25EmNmQUW0MhLTcbqW1A==",
      "dependencies": {
        "@types/node": "^14.0.26",
        "tweetnacl": "^1.0.3"
      },
      "engines": {
        "node": ">=10.0.0"
      }
    },
    "node_modules/tweetnacl": {
      "version": "1.0.3",
      "resolved": "https://registry.npmjs.org/tweetnacl/-/tweetnacl-1.0.3.tgz",
      "integrity": "sha512-6rt+RN7aOi1nGMyC4Xa5DdYiukl2UWCbcJft7YhxReBGQD7OAM8Pbxw6YMo4r2diNEA8FEmu32YOn9rhaiE5yw=="
    }
  },
  "dependencies": {
    "@ioa/config": {
      "version": "11.0.3",
      "resolved": "https://registry.npmjs.org/@ioa/config/-/config-11.0.3.tgz",
      "integrity": "sha512-ghLvR20QvQc6YxIRYXQpFhYc5E4Le/rFN9A4sSr/+rV0wkhP/zGgOMEub+Jbn2txg9wnYe6mtOohR+lgrN77AA==",
      "dev": true
    },
    "@types/node": {
      "version": "14.17.2",
      "resolved": "https://registry.npmjs.org/@types/node/-/node-14.17.2.tgz",
      "integrity": "sha512-sld7b/xmFum66AAKuz/rp/CUO8+98fMpyQ3SBfzzBNGMd/1iHBTAg9oyAvcYlAj46bpc74r91jSw2iFdnx29nw=="
    },
    "consoln": {
      "version": "2.0.2",
      "resolved": "https://registry.npmjs.org/consoln/-/consoln-2.0.2.tgz",
      "integrity": "sha512-meLuutpxnQ1QdVMV8e7bO2FCG1QqKFCYPRKiOcSa56K6//HpN9DtcZxyOYE+xInYNVKBck5VzWXWEHMOB7OVqA==",
      "dev": true
    },
    "ioa": {
      "version": "11.0.6",
      "resolved": "https://registry.npmjs.org/ioa/-/ioa-11.0.6.tgz",
      "integrity": "sha512-G6aMNL4DtiV2QJlNQDv1cUQ2cdFV1dsdYf8Te9pHSbL7tTnZ+wv3eqoqEXZVqve4zR9OUuKftjvUan2j/6+iiA==",
      "dev": true,
      "requires": {
        "consoln": "^2.0.2"
      }
    },
    "ioa-router": {
      "version": "11.0.6",
      "resolved": "https://registry.npmjs.org/ioa-router/-/ioa-router-11.0.6.tgz",
      "integrity": "sha512-lPIrbY4en8u4LpVsbIbFDrIerMwRdiqbMhO65wW4UFuGCmEwf7wy1yBLk+ERjIriLlsMKuhgQWK2qzfNs1pHGw=="
    },
    "nats": {
      "version": "2.0.6",
      "resolved": "https://registry.npmjs.org/nats/-/nats-2.0.6.tgz",
      "integrity": "sha512-Tpv50RuMVvYDNnBuoIxqtWB4nRVELR4cB+/RqXIIZ/mdrdx1mV+iL7Ibor7gPq6KJrP2B4jZzQSqOTyBV+UlpQ==",
      "requires": {
        "nkeys.js": "^1.0.0-9"
      }
    },
    "nkeys.js": {
      "version": "1.0.0-9",
      "resolved": "https://registry.npmjs.org/nkeys.js/-/nkeys.js-1.0.0-9.tgz",
      "integrity": "sha512-m9O0NQT+3rUe1om6MWpxV77EuHql/LdorDH+FYQkoeARcM2V0sQ89kM36fArWaHWq/25EmNmQUW0MhLTcbqW1A==",
      "requires": {
        "@types/node": "^14.0.26",
        "tweetnacl": "^1.0.3"
      }
    },
    "tweetnacl": {
      "version": "1.0.3",
      "resolved": "https://registry.npmjs.org/tweetnacl/-/tweetnacl-1.0.3.tgz",
      "integrity": "sha512-6rt+RN7aOi1nGMyC4Xa5DdYiukl2UWCbcJft7YhxReBGQD7OAM8Pbxw6YMo4r2diNEA8FEmu32YOn9rhaiE5yw=="
    }
  }
}
